
Microsoft Visual Studio Solution File, Format Version 12.00
# Visual Studio 15
VisualStudioVersion = 15.0.28307.489
MinimumVisualStudioVersion = 10.0.40219.1
Project("{FAE04EC0-301F-11D3-BF4B-00C04F79EFBC}") = "MoodleApiWrapper", "MoodleApiWrapper\MoodleApiWrapper.csproj", "{CC35F906-01C8-42C2-8E51-308F7475DE8D}"
EndProject
Project("{FAE04EC0-301F-11D3-BF4B-00C04F79EFBC}") = "console", "console\console.csproj", "{7BAD5978-CA7F-429A-8C9F-BC680361C16A}"
EndProject
Project("{FAE04EC0-301F-11D3-BF4B-00C04F79EFBC}") = "ClassLibrary1", "ClassLibrary1\ClassLibrary1.csproj", "{F74D7E2E-5285-4D54-9E38-2D971FEFBB53}"
EndProject
Global
	GlobalSection(SolutionConfigurationPlatforms) = preSolution
		Debug|Any CPU = Debug|Any CPU
		Release|Any CPU = Release|Any CPU
	EndGlobalSection
	GlobalSection(ProjectConfigurationPlatforms) = postSolution
		{CC35F906-01C8-42C2-8E51-308F7475DE8D}.Debug|Any CPU.ActiveCfg = Debug|Any CPU
		{CC35F906-01C8-42C2-8E51-308F7475DE8D}.Debug|Any CPU.Build.0 = Debug|Any CPU
		{CC35F906-01C8-42C2-8E51-308F7475DE8D}.Release|Any CPU.ActiveCfg = Release|Any CPU
		{CC35F906-01C8-42C2-8E51-308F7475DE8D}.Release|Any CPU.Build.0 = Release|Any CPU
		{7BAD5978-CA7F-429A-8C9F-BC680361C16A}.Debug|Any CPU.ActiveCfg = Debug|Any CPU
		{7BAD5978-CA7F-429A-8C9F-BC680361C16A}.Debug|Any CPU.Build.0 = Debug|Any CPU
		{7BAD5978-CA7F-429A-8C9F-BC680361C16A}.Release|Any CPU.ActiveCfg = Release|Any CPU
		{7BAD5978-CA7F-429A-8C9F-BC680361C16A}.Release|Any CPU.Build.0 = Release|Any CPU
		{F74D7E2E-5285-4D54-9E38-2D971FEFBB53}.Debug|Any CPU.ActiveCfg = Debug|Any CPU
		{F74D7E2E-5285-4D54-9E38-2D971FEFBB53}.Debug|Any CPU.Build.0 = Debug|Any CPU
		{F74D7E2E-5285-4D54-9E38-2D971FEFBB53}.Release|Any CPU.ActiveCfg = Release|Any CPU
		{F74D7E2E-5285-4D54-9E38-2D971FEFBB53}.Release|Any CPU.Build.0 = Release|Any CPU
	EndGlobalSection
	GlobalSection(SolutionProperties) = preSolution
		HideSolutionNode = FALSE
	EndGlobalSection
	GlobalSection(ExtensibilityGlobals) = postSolution
		SolutionGuid = {1E675BB6-E7C0-4BB6-8EA4-C01D9A1105D1}
	EndGlobalSection
EndGlobal
